
Microsoft Visual Studio Solution File, Format Version 12.00
# Visual Studio Version 16
VisualStudioVersion = 16.0.31702.278
MinimumVisualStudioVersion = 10.0.40219.1
Project("{8BC9CEB8-8B4A-11D0-8D11-00A0C91BC942}") = "lab1.2", "lab1.2.vcxproj", "{FB5067A0-F37E-44F4-8DEF-AB0B3A62F534}"
EndProject
Project("{8BC9CEB8-8B4A-11D0-8D11-00A0C91BC942}") = "UnitTest2", "..\UnitTest2\UnitTest2.vcxproj", "{04A627B9-F9CB-4739-9586-E0BA67B13129}"
EndProject
Global
	GlobalSection(SolutionConfigurationPlatforms) = preSolution
		Debug|x64 = Debug|x64
		Debug|x86 = Debug|x86
		Release|x64 = Release|x64
		Release|x86 = Release|x86
	EndGlobalSection
	GlobalSection(ProjectConfigurationPlatforms) = postSolution
		{FB5067A0-F37E-44F4-8DEF-AB0B3A62F534}.Debug|x64.ActiveCfg = Debug|x64
		{FB5067A0-F37E-44F4-8DEF-AB0B3A62F534}.Debug|x64.Build.0 = Debug|x64
		{FB5067A0-F37E-44F4-8DEF-AB0B3A62F534}.Debug|x86.ActiveCfg = Debug|Win32
		{FB5067A0-F37E-44F4-8DEF-AB0B3A62F534}.Debug|x86.Build.0 = Debug|Win32
		{FB5067A0-F37E-44F4-8DEF-AB0B3A62F534}.Release|x64.ActiveCfg = Release|x64
		{FB5067A0-F37E-44F4-8DEF-AB0B3A62F534}.Release|x64.Build.0 = Release|x64
		{FB5067A0-F37E-44F4-8DEF-AB0B3A62F534}.Release|x86.ActiveCfg = Release|Win32
		{FB5067A0-F37E-44F4-8DEF-AB0B3A62F534}.Release|x86.Build.0 = Release|Win32
		{04A627B9-F9CB-4739-9586-E0BA67B13129}.Debug|x64.ActiveCfg = Debug|x64
		{04A627B9-F9CB-4739-9586-E0BA67B13129}.Debug|x64.Build.0 = Debug|x64
		{04A627B9-F9CB-4739-9586-E0BA67B13129}.Debug|x86.ActiveCfg = Debug|Win32
		{04A627B9-F9CB-4739-9586-E0BA67B13129}.Debug|x86.Build.0 = Debug|Win32
		{04A627B9-F9CB-4739-9586-E0BA67B13129}.Release|x64.ActiveCfg = Release|x64
		{04A627B9-F9CB-4739-9586-E0BA67B13129}.Release|x64.Build.0 = Release|x64
		{04A627B9-F9CB-4739-9586-E0BA67B13129}.Release|x86.ActiveCfg = Release|Win32
		{04A627B9-F9CB-4739-9586-E0BA67B13129}.Release|x86.Build.0 = Release|Win32
	EndGlobalSection
	GlobalSection(SolutionProperties) = preSolution
		HideSolutionNode = FALSE
	EndGlobalSection
	GlobalSection(ExtensibilityGlobals) = postSolution
		SolutionGuid = {EC6AE05E-3EB1-4DCD-935F-80AA76C52994}
	EndGlobalSection
EndGlobal
